<?xml version="1.0" encoding="utf-8"?>
<Project ToolsVersion="4.0" xmlns="http://schemas.microsoft.com/developer/msbuild/2003">
  <ItemGroup>
    <Filter Include="Header Files">
      <UniqueIdentifier>{93995380-89BD-4b04-88EB-625FBE52EBFB}</UniqueIdentifier>
      <Extensions>h;hpp;hxx;hm;inl;inc;xsd</Extensions>
    </Filter>
    <Filter Include="Resource Files">
      <UniqueIdentifier>{67DA6AB6-F800-4c08-8B7A-83BB121AAD01}</UniqueIdentifier>
      <Extensions>rc;ico;cur;bmp;dlg;rc2;rct;bin;rgs;gif;jpg;jpeg;jpe;resx;tiff;tif;png;wav;mfcribbon-ms</Extensions>
    </Filter>
    <Filter Include="Source Files">
      <UniqueIdentifier>{4FC737F1-C7A5-4376-A066-2A32D752A2FF}</UniqueIdentifier>
      <Extensions>cpp;c;cc;cxx;def;odl;idl;hpj;bat;asm;asmx</Extensions>
    </Filter>
    <Filter Include="Comany">
      <UniqueIdentifier>{f21d7ffb-f179-4ad3-8025-e1d311488ab0}</UniqueIdentifier>
    </Filter>
    <Filter Include="DS">
      <UniqueIdentifier>{b03fb027-5512-4220-b226-e84400d646ee}</UniqueIdentifier>
    </Filter>
    <Filter Include="App">
      <UniqueIdentifier>{9b31212b-f4f5-4148-b4b9-098eddaec3e0}</UniqueIdentifier>
    </Filter>
  </ItemGroup>
  <ItemGroup>
    <ClInclude Include="Cargo.h">
      <Filter>Comany</Filter>
    </ClInclude>
    <ClInclude Include="Truck.h">
      <Filter>Comany</Filter>
    </ClInclude>
    <ClInclude Include="Company.h">
      <Filter>Comany</Filter>
    </ClInclude>
    <ClInclude Include="Node.h">
      <Filter>DS</Filter>
    </ClInclude>
    <ClInclude Include="ListBag.h">
      <Filter>DS</Filter>
    </ClInclude>
    <ClInclude Include="Linkedlist.h">
      <Filter>DS</Filter>
    </ClInclude>
    <ClInclude Include="Queue.h">
      <Filter>DS</Filter>
    </ClInclude>
    <ClInclude Include="PriQ.h">
      <Filter>DS</Filter>
    </ClInclude>
    <ClInclude Include="UI.h">
      <Filter>App</Filter>
    </ClInclude>
    <ClInclude Include="Defs.h">
      <Filter>App</Filter>
    </ClInclude>
    <ClInclude Include="Event.h">
      <Filter>Source Files</Filter>
    </ClInclude>
    <ClInclude Include="PromotionEvent.h">
      <Filter>Source Files</Filter>
    </ClInclude>
    <ClInclude Include="ArrivalEvent.h">
      <Filter>Source Files</Filter>
    </ClInclude>
    <ClInclude Include="CancelEvent.h">
      <Filter>Source Files</Filter>
    </ClInclude>
  </ItemGroup>
  <ItemGroup>
    <ClCompile Include="Cargo.cpp">
      <Filter>Comany</Filter>
    </ClCompile>
    <ClCompile Include="Truck.cpp">
      <Filter>Comany</Filter>
    </ClCompile>
    <ClCompile Include="Comapny.cpp">
      <Filter>Comany</Filter>
    </ClCompile>
    <ClCompile Include="UI.cpp">
      <Filter>App</Filter>
    </ClCompile>
    <ClCompile Include="Event.cpp">
      <Filter>Source Files</Filter>
    </ClCompile>
    <ClCompile Include="PromotionEvent.cpp">
      <Filter>Source Files</Filter>
    </ClCompile>
    <ClCompile Include="ArrivalEvent.cpp">
      <Filter>Source Files</Filter>
    </ClCompile>
    <ClCompile Include="CancelEvent.cpp">
      <Filter>Source Files</Filter>
    </ClCompile>
    <ClCompile Include="Test Code.cpp">
      <Filter>Source Files</Filter>
    </ClCompile>
  </ItemGroup>
</Project>